
Microsoft Visual Studio Solution File, Format Version 12.00
# Visual Studio Version 17
VisualStudioVersion = 17.9.34607.119
MinimumVisualStudioVersion = 10.0.40219.1
Project("{9A19103F-16F7-4668-BE54-9A1E7A4F7556}") = "Accommodation_Room_Project_Offical", "Accommodation_Room_Project_Offical.csproj", "{1CFD1E9A-6AC1-4950-8BE1-1ED360DACD99}"
EndProject
Global
	GlobalSection(SolutionConfigurationPlatforms) = preSolution
		Debug|Any CPU = Debug|Any CPU
		Release|Any CPU = Release|Any CPU
	EndGlobalSection
	GlobalSection(ProjectConfigurationPlatforms) = postSolution
		{1CFD1E9A-6AC1-4950-8BE1-1ED360DACD99}.Debug|Any CPU.ActiveCfg = Debug|Any CPU
		{1CFD1E9A-6AC1-4950-8BE1-1ED360DACD99}.Debug|Any CPU.Build.0 = Debug|Any CPU
		{1CFD1E9A-6AC1-4950-8BE1-1ED360DACD99}.Release|Any CPU.ActiveCfg = Release|Any CPU
		{1CFD1E9A-6AC1-4950-8BE1-1ED360DACD99}.Release|Any CPU.Build.0 = Release|Any CPU
	EndGlobalSection
	GlobalSection(SolutionProperties) = preSolution
		HideSolutionNode = FALSE
	EndGlobalSection
	GlobalSection(ExtensibilityGlobals) = postSolution
		SolutionGuid = {E6CC48D9-2023-4369-8981-F0E5174C9473}
	EndGlobalSection
EndGlobal
